
Microsoft Visual Studio Solution File, Format Version 12.00
# Visual Studio Version 16
VisualStudioVersion = 16.0.31105.61
MinimumVisualStudioVersion = 10.0.40219.1
Project("{9A19103F-16F7-4668-BE54-9A1E7A4F7556}") = "Entities", "Entities\Entities.csproj", "{CA05D991-2FB1-4660-91AF-064A8C06D841}"
EndProject
Project("{9A19103F-16F7-4668-BE54-9A1E7A4F7556}") = "Data", "Data\Data.csproj", "{035F7B5D-6149-4C79-BB89-CD043858AB31}"
EndProject
Project("{9A19103F-16F7-4668-BE54-9A1E7A4F7556}") = "Services", "Services\Services.csproj", "{B3527303-7522-4C98-A9A0-55F12A686E98}"
EndProject
Project("{9A19103F-16F7-4668-BE54-9A1E7A4F7556}") = "Shared", "Shared\Shared.csproj", "{3F9A02FD-0B89-4A16-AFCA-36FE41DC879A}"
EndProject
Project("{FAE04EC0-301F-11D3-BF4B-00C04F79EFBC}") = "SinavOlusturma", "SinavOlusturma\SinavOlusturma.csproj", "{F071F4B6-9453-477A-9500-15255840D3B6}"
EndProject
Global
	GlobalSection(SolutionConfigurationPlatforms) = preSolution
		Debug|Any CPU = Debug|Any CPU
		Release|Any CPU = Release|Any CPU
	EndGlobalSection
	GlobalSection(ProjectConfigurationPlatforms) = postSolution
		{CA05D991-2FB1-4660-91AF-064A8C06D841}.Debug|Any CPU.ActiveCfg = Debug|Any CPU
		{CA05D991-2FB1-4660-91AF-064A8C06D841}.Debug|Any CPU.Build.0 = Debug|Any CPU
		{CA05D991-2FB1-4660-91AF-064A8C06D841}.Release|Any CPU.ActiveCfg = Release|Any CPU
		{CA05D991-2FB1-4660-91AF-064A8C06D841}.Release|Any CPU.Build.0 = Release|Any CPU
		{035F7B5D-6149-4C79-BB89-CD043858AB31}.Debug|Any CPU.ActiveCfg = Debug|Any CPU
		{035F7B5D-6149-4C79-BB89-CD043858AB31}.Debug|Any CPU.Build.0 = Debug|Any CPU
		{035F7B5D-6149-4C79-BB89-CD043858AB31}.Release|Any CPU.ActiveCfg = Release|Any CPU
		{035F7B5D-6149-4C79-BB89-CD043858AB31}.Release|Any CPU.Build.0 = Release|Any CPU
		{B3527303-7522-4C98-A9A0-55F12A686E98}.Debug|Any CPU.ActiveCfg = Debug|Any CPU
		{B3527303-7522-4C98-A9A0-55F12A686E98}.Debug|Any CPU.Build.0 = Debug|Any CPU
		{B3527303-7522-4C98-A9A0-55F12A686E98}.Release|Any CPU.ActiveCfg = Release|Any CPU
		{B3527303-7522-4C98-A9A0-55F12A686E98}.Release|Any CPU.Build.0 = Release|Any CPU
		{3F9A02FD-0B89-4A16-AFCA-36FE41DC879A}.Debug|Any CPU.ActiveCfg = Debug|Any CPU
		{3F9A02FD-0B89-4A16-AFCA-36FE41DC879A}.Debug|Any CPU.Build.0 = Debug|Any CPU
		{3F9A02FD-0B89-4A16-AFCA-36FE41DC879A}.Release|Any CPU.ActiveCfg = Release|Any CPU
		{3F9A02FD-0B89-4A16-AFCA-36FE41DC879A}.Release|Any CPU.Build.0 = Release|Any CPU
		{F071F4B6-9453-477A-9500-15255840D3B6}.Debug|Any CPU.ActiveCfg = Debug|Any CPU
		{F071F4B6-9453-477A-9500-15255840D3B6}.Debug|Any CPU.Build.0 = Debug|Any CPU
		{F071F4B6-9453-477A-9500-15255840D3B6}.Release|Any CPU.ActiveCfg = Release|Any CPU
		{F071F4B6-9453-477A-9500-15255840D3B6}.Release|Any CPU.Build.0 = Release|Any CPU
	EndGlobalSection
	GlobalSection(SolutionProperties) = preSolution
		HideSolutionNode = FALSE
	EndGlobalSection
	GlobalSection(ExtensibilityGlobals) = postSolution
		SolutionGuid = {F6505809-1B6B-4742-A043-B20A159A0D78}
	EndGlobalSection
EndGlobal
